{
  "name": "scripts",
  "version": "1.0.0",
  "lockfileVersion": 1,
  "requires": true,
  "dependencies": {
    "sinusbot-scripting-engine": {
      "version": "1.0.13",
      "resolved": "https://registry.npmjs.org/sinusbot-scripting-engine/-/sinusbot-scripting-engine-1.0.13.tgz",
      "integrity": "sha512-0sydynVSmWFGC2aY8Ns07lYBc0VUK643vEY6zdVPHhDGH+d1FdVSNG892NYR8oQUGKkNw7bmyOKaXFSHybyWhA==",
      "dev": true
    }
  }
}
