{
  "name": "scripts",
  "version": "1.0.0",
  "lockfileVersion": 1,
  "requires": true,
  "dependencies": {
    "sinusbot-scripting-engine": {
      "version": "1.0.15",
      "resolved": "https://registry.npmjs.org/sinusbot-scripting-engine/-/sinusbot-scripting-engine-1.0.15.tgz",
      "integrity": "sha512-/xz7wsZ2j8FetSectse3ga/TMSkRR5PpYDMs8LujhqygY+hxh0Noe0ib6eJZUxX4jUnzBedp8UTVZ1nbG3zSGQ==",
      "dev": true
    }
  }
}
