{
  "name": "scripts",
  "version": "1.0.0",
  "lockfileVersion": 1,
  "requires": true,
  "dependencies": {
    "sinusbot-scripting-engine": {
      "version": "1.0.18",
      "resolved": "https://registry.npmjs.org/sinusbot-scripting-engine/-/sinusbot-scripting-engine-1.0.18.tgz",
      "integrity": "sha512-tRJDIAN8carWE4LCOKM15elemn7zLAkg2RB9KjGPTfhwMxePsZJs+Xl1+i2MrF5T0qmUpbMxzEg3941Kud3hKg==",
      "dev": true
    }
  }
}
